
Microsoft Visual Studio Solution File, Format Version 12.00
# Visual Studio Version 17
VisualStudioVersion = 17.7.34009.444
MinimumVisualStudioVersion = 10.0.40219.1
Project("{FAE04EC0-301F-11D3-BF4B-00C04F79EFBC}") = "PrimeProgram", "PrimeProgram\PrimeProgram.csproj", "{E8941DC3-D770-4732-8C1C-CC9768A41339}"
EndProject
Global
	GlobalSection(SolutionConfigurationPlatforms) = preSolution
		Debug|Any CPU = Debug|Any CPU
		Release|Any CPU = Release|Any CPU
	EndGlobalSection
	GlobalSection(ProjectConfigurationPlatforms) = postSolution
		{E8941DC3-D770-4732-8C1C-CC9768A41339}.Debug|Any CPU.ActiveCfg = Debug|Any CPU
		{E8941DC3-D770-4732-8C1C-CC9768A41339}.Debug|Any CPU.Build.0 = Debug|Any CPU
		{E8941DC3-D770-4732-8C1C-CC9768A41339}.Release|Any CPU.ActiveCfg = Release|Any CPU
		{E8941DC3-D770-4732-8C1C-CC9768A41339}.Release|Any CPU.Build.0 = Release|Any CPU
	EndGlobalSection
	GlobalSection(SolutionProperties) = preSolution
		HideSolutionNode = FALSE
	EndGlobalSection
	GlobalSection(ExtensibilityGlobals) = postSolution
		SolutionGuid = {545F8D31-7EE4-40AF-A140-389666CABA18}
	EndGlobalSection
EndGlobal
