
Microsoft Visual Studio Solution File, Format Version 12.00
# Visual Studio Version 17
VisualStudioVersion = 17.7.34009.444
MinimumVisualStudioVersion = 10.0.40219.1
Project("{FAE04EC0-301F-11D3-BF4B-00C04F79EFBC}") = "HospitalApplication", "HospitalApplication\HospitalApplication.csproj", "{21FCC4E0-F673-43AA-BAF0-6156F7F0C780}"
EndProject
Global
	GlobalSection(SolutionConfigurationPlatforms) = preSolution
		Debug|Any CPU = Debug|Any CPU
		Release|Any CPU = Release|Any CPU
	EndGlobalSection
	GlobalSection(ProjectConfigurationPlatforms) = postSolution
		{21FCC4E0-F673-43AA-BAF0-6156F7F0C780}.Debug|Any CPU.ActiveCfg = Debug|Any CPU
		{21FCC4E0-F673-43AA-BAF0-6156F7F0C780}.Debug|Any CPU.Build.0 = Debug|Any CPU
		{21FCC4E0-F673-43AA-BAF0-6156F7F0C780}.Release|Any CPU.ActiveCfg = Release|Any CPU
		{21FCC4E0-F673-43AA-BAF0-6156F7F0C780}.Release|Any CPU.Build.0 = Release|Any CPU
	EndGlobalSection
	GlobalSection(SolutionProperties) = preSolution
		HideSolutionNode = FALSE
	EndGlobalSection
	GlobalSection(ExtensibilityGlobals) = postSolution
		SolutionGuid = {4411C2FE-5CB6-4AE1-931A-5B8FEC2A395A}
	EndGlobalSection
EndGlobal
